
Microsoft Visual Studio Solution File, Format Version 12.00
# Visual Studio Version 16
VisualStudioVersion = 16.0.30330.147
MinimumVisualStudioVersion = 10.0.40219.1
Project("{9A19103F-16F7-4668-BE54-9A1E7A4F7556}") = "SPATestTask.API", "SPATestTask.API\SPATestTask.API.csproj", "{1CC797D4-F64F-46BF-AD44-8630D464FB62}"
EndProject
Project("{FAE04EC0-301F-11D3-BF4B-00C04F79EFBC}") = "SPATestTask.Core", "SPATestTask.Core\SPATestTask.Core.csproj", "{0EA189ED-1819-4617-92C7-BC871E4239D9}"
EndProject
Project("{FAE04EC0-301F-11D3-BF4B-00C04F79EFBC}") = "SPATestTask.DAL", "SPATestTask.DAL\SPATestTask.DAL.csproj", "{1B8DC65D-71AF-4379-8152-D10633840724}"
EndProject
Project("{FAE04EC0-301F-11D3-BF4B-00C04F79EFBC}") = "SPATestTask.Services", "SPATestTask.Services\SPATestTask.Services.csproj", "{BB1F03C2-6CB5-41C7-A171-6EAEF7B36F94}"
EndProject
Global
	GlobalSection(SolutionConfigurationPlatforms) = preSolution
		Debug|Any CPU = Debug|Any CPU
		Release|Any CPU = Release|Any CPU
	EndGlobalSection
	GlobalSection(ProjectConfigurationPlatforms) = postSolution
		{1CC797D4-F64F-46BF-AD44-8630D464FB62}.Debug|Any CPU.ActiveCfg = Debug|Any CPU
		{1CC797D4-F64F-46BF-AD44-8630D464FB62}.Debug|Any CPU.Build.0 = Debug|Any CPU
		{1CC797D4-F64F-46BF-AD44-8630D464FB62}.Release|Any CPU.ActiveCfg = Release|Any CPU
		{1CC797D4-F64F-46BF-AD44-8630D464FB62}.Release|Any CPU.Build.0 = Release|Any CPU
		{0EA189ED-1819-4617-92C7-BC871E4239D9}.Debug|Any CPU.ActiveCfg = Debug|Any CPU
		{0EA189ED-1819-4617-92C7-BC871E4239D9}.Debug|Any CPU.Build.0 = Debug|Any CPU
		{0EA189ED-1819-4617-92C7-BC871E4239D9}.Release|Any CPU.ActiveCfg = Release|Any CPU
		{0EA189ED-1819-4617-92C7-BC871E4239D9}.Release|Any CPU.Build.0 = Release|Any CPU
		{1B8DC65D-71AF-4379-8152-D10633840724}.Debug|Any CPU.ActiveCfg = Debug|Any CPU
		{1B8DC65D-71AF-4379-8152-D10633840724}.Debug|Any CPU.Build.0 = Debug|Any CPU
		{1B8DC65D-71AF-4379-8152-D10633840724}.Release|Any CPU.ActiveCfg = Release|Any CPU
		{1B8DC65D-71AF-4379-8152-D10633840724}.Release|Any CPU.Build.0 = Release|Any CPU
		{BB1F03C2-6CB5-41C7-A171-6EAEF7B36F94}.Debug|Any CPU.ActiveCfg = Debug|Any CPU
		{BB1F03C2-6CB5-41C7-A171-6EAEF7B36F94}.Debug|Any CPU.Build.0 = Debug|Any CPU
		{BB1F03C2-6CB5-41C7-A171-6EAEF7B36F94}.Release|Any CPU.ActiveCfg = Release|Any CPU
		{BB1F03C2-6CB5-41C7-A171-6EAEF7B36F94}.Release|Any CPU.Build.0 = Release|Any CPU
	EndGlobalSection
	GlobalSection(SolutionProperties) = preSolution
		HideSolutionNode = FALSE
	EndGlobalSection
	GlobalSection(ExtensibilityGlobals) = postSolution
		SolutionGuid = {59B5018F-F800-4AB2-AD70-F8560A8EFB15}
	EndGlobalSection
EndGlobal
